// !$*UTF8*$!
{
	archiveVersion = 1;
	classes = {
	};
	objectVersion = 46;
	objects = {

/* Begin PBXBuildFile section */
		0D69488E1501F71900206FF8 /* SampleConfiguration.plist in Resources */ = {isa = PBXBuildFile; fileRef = 0D69488D1501F71900206FF8 /* SampleConfiguration.plist */; };
		171C34E21C96701A00799CCA /* FSImportPhotoViewController.m in Sources */ = {isa = PBXBuildFile; fileRef = 171C34E11C96701A00799CCA /* FSImportPhotoViewController.m */; };
		171C34E81C9675F800799CCA /* FSOutputTableViewController.m in Sources */ = {isa = PBXBuildFile; fileRef = 171C34E71C9675F800799CCA /* FSOutputTableViewController.m */; };
		17389A5A1CA946DF00AFF32C /* Images.xcassets in Resources */ = {isa = PBXBuildFile; fileRef = 17389A591CA946DF00AFF32C /* Images.xcassets */; };
		1739443B1CAA70E3002B5776 /* FSConsole.m in Sources */ = {isa = PBXBuildFile; fileRef = 1739443A1CAA70E3002B5776 /* FSConsole.m */; };
		173CCFE21CA2A0DF008E363A /* CHLine.m in Sources */ = {isa = PBXBuildFile; fileRef = 173CCFE11CA2A0DF008E363A /* CHLine.m */; };
		173EF3F31C9B2B9100EC5D33 /* FSSliderView.m in Sources */ = {isa = PBXBuildFile; fileRef = 173EF3F21C9B2B9100EC5D33 /* FSSliderView.m */; };
		174345041C896939006978D7 /* sample1.jpg in Resources */ = {isa = PBXBuildFile; fileRef = 174345031C896939006978D7 /* sample1.jpg */; };
		174355251CABC7E80041EE71 /* FSParameterView.m in Sources */ = {isa = PBXBuildFile; fileRef = 174355241CABC7E80041EE71 /* FSParameterView.m */; };
		174804421C99486D00F7552E /* NSDictionary+GetValue.m in Sources */ = {isa = PBXBuildFile; fileRef = 174804411C99486D00F7552E /* NSDictionary+GetValue.m */; };
		174EE0291CAAEB2600026A94 /* FSFilterSliderView.m in Sources */ = {isa = PBXBuildFile; fileRef = 174EE0281CAAEB2600026A94 /* FSFilterSliderView.m */; };
		178BC2711CA3BEC000E33A76 /* UIViewController+NavbarItemCategory.m in Sources */ = {isa = PBXBuildFile; fileRef = 178BC2701CA3BEC000E33A76 /* UIViewController+NavbarItemCategory.m */; };
		178BC27B1CA3C25300E33A76 /* pdf.xcassets in Resources */ = {isa = PBXBuildFile; fileRef = 178BC27A1CA3C25300E33A76 /* pdf.xcassets */; };
		17D1C6BA1C8C7823007E7956 /* libGPUImage.a in Frameworks */ = {isa = PBXBuildFile; fileRef = 17D1C6B61C8C758C007E7956 /* libGPUImage.a */; };
		17D1C6BC1C8C78AE007E7956 /* WID-small.jpg in Resources */ = {isa = PBXBuildFile; fileRef = 17D1C6BB1C8C78AE007E7956 /* WID-small.jpg */; };
		17D1C6BF1C8C78FB007E7956 /* lookup_soft_elegance_1.png in Resources */ = {isa = PBXBuildFile; fileRef = 17D1C6BD1C8C78FB007E7956 /* lookup_soft_elegance_1.png */; };
		17D1C6C01C8C78FB007E7956 /* lookup_soft_elegance_2.png in Resources */ = {isa = PBXBuildFile; fileRef = 17D1C6BE1C8C78FB007E7956 /* lookup_soft_elegance_2.png */; };
		17D1C6C31C8C790C007E7956 /* lookup_amatorka.png in Resources */ = {isa = PBXBuildFile; fileRef = 17D1C6C11C8C790C007E7956 /* lookup_amatorka.png */; };
		17D1C6C41C8C790C007E7956 /* lookup_miss_etikate.png in Resources */ = {isa = PBXBuildFile; fileRef = 17D1C6C21C8C790C007E7956 /* lookup_miss_etikate.png */; };
		17D1C6CA1C8C7963007E7956 /* Icon-72.png in Resources */ = {isa = PBXBuildFile; fileRef = 17D1C6C51C8C7963007E7956 /* Icon-72.png */; };
		17D1C6CB1C8C7963007E7956 /* Icon-72@2x.png in Resources */ = {isa = PBXBuildFile; fileRef = 17D1C6C61C8C7963007E7956 /* Icon-72@2x.png */; };
		17D1C6CC1C8C7963007E7956 /* Icon.png in Resources */ = {isa = PBXBuildFile; fileRef = 17D1C6C71C8C7963007E7956 /* Icon.png */; };
		17D1C6CD1C8C7963007E7956 /* Icon@2x.png in Resources */ = {isa = PBXBuildFile; fileRef = 17D1C6C81C8C7963007E7956 /* Icon@2x.png */; };
		17D1C6CE1C8C7963007E7956 /* iTunesArtwork.png in Resources */ = {isa = PBXBuildFile; fileRef = 17D1C6C91C8C7963007E7956 /* iTunesArtwork.png */; };
		6BF3ED5715B5C2BF002F9E9E /* CoreImage.framework in Frameworks */ = {isa = PBXBuildFile; fileRef = 6BF3ED5615B5C2BF002F9E9E /* CoreImage.framework */; settings = {ATTRIBUTES = (Weak, ); }; };
		83AE9FD41540F3CC00F7FC13 /* mask.png in Resources */ = {isa = PBXBuildFile; fileRef = 83AE9FD31540F3CC00F7FC13 /* mask.png */; };
		BC982B0714F046AC0001FF6F /* UIKit.framework in Frameworks */ = {isa = PBXBuildFile; fileRef = BC982B0614F046AC0001FF6F /* UIKit.framework */; };
		BC982B0914F046AC0001FF6F /* Foundation.framework in Frameworks */ = {isa = PBXBuildFile; fileRef = BC982B0814F046AC0001FF6F /* Foundation.framework */; };
		BC982B0B14F046AC0001FF6F /* CoreGraphics.framework in Frameworks */ = {isa = PBXBuildFile; fileRef = BC982B0A14F046AC0001FF6F /* CoreGraphics.framework */; };
		BC982B1114F046AC0001FF6F /* InfoPlist.strings in Resources */ = {isa = PBXBuildFile; fileRef = BC982B0F14F046AC0001FF6F /* InfoPlist.strings */; };
		BC982B1314F046AC0001FF6F /* main.m in Sources */ = {isa = PBXBuildFile; fileRef = BC982B1214F046AC0001FF6F /* main.m */; };
		BC982B1714F046AC0001FF6F /* FSShowcaseAppDelegate.m in Sources */ = {isa = PBXBuildFile; fileRef = BC982B1614F046AC0001FF6F /* FSShowcaseAppDelegate.m */; };
		BC982B2014F048160001FF6F /* CoreMedia.framework in Frameworks */ = {isa = PBXBuildFile; fileRef = BC982B1D14F048160001FF6F /* CoreMedia.framework */; };
		BC982B2114F048160001FF6F /* CoreVideo.framework in Frameworks */ = {isa = PBXBuildFile; fileRef = BC982B1E14F048160001FF6F /* CoreVideo.framework */; settings = {ATTRIBUTES = (Weak, ); }; };
		BC982B2214F048160001FF6F /* QuartzCore.framework in Frameworks */ = {isa = PBXBuildFile; fileRef = BC982B1F14F048160001FF6F /* QuartzCore.framework */; };
		BC982B2414F0481C0001FF6F /* AVFoundation.framework in Frameworks */ = {isa = PBXBuildFile; fileRef = BC982B2314F0481C0001FF6F /* AVFoundation.framework */; };
		BC982B2614F048230001FF6F /* OpenGLES.framework in Frameworks */ = {isa = PBXBuildFile; fileRef = BC982B2514F048230001FF6F /* OpenGLES.framework */; };
		BC982B3614F04B3A0001FF6F /* FSShowcaseFilterViewController.m in Sources */ = {isa = PBXBuildFile; fileRef = BC982B3414F04B3A0001FF6F /* FSShowcaseFilterViewController.m */; };
		BC982C4114F1F6C80001FF6F /* CustomFilter.fsh in Resources */ = {isa = PBXBuildFile; fileRef = BC982C4014F1F6C80001FF6F /* CustomFilter.fsh */; };
		E5530A36180FD1D500597F98 /* Default-568h@2x.png in Resources */ = {isa = PBXBuildFile; fileRef = E5530A35180FD1D500597F98 /* Default-568h@2x.png */; };
		F2F3361E156585C400B0FBB8 /* voroni_points2.png in Resources */ = {isa = PBXBuildFile; fileRef = F2F3361D156585C400B0FBB8 /* voroni_points2.png */; };
		F2F336271565906000B0FBB8 /* dotletterstiles.png in Resources */ = {isa = PBXBuildFile; fileRef = F2F336261565906000B0FBB8 /* dotletterstiles.png */; };
		F2F33629156591CA00B0FBB8 /* curvies.png in Resources */ = {isa = PBXBuildFile; fileRef = F2F33628156591CA00B0FBB8 /* curvies.png */; };
		F2F3362B156591DB00B0FBB8 /* squares.png in Resources */ = {isa = PBXBuildFile; fileRef = F2F3362A156591DB00B0FBB8 /* squares.png */; };
/* End PBXBuildFile section */

/* Begin PBXContainerItemProxy section */
		17D1C6B51C8C758C007E7956 /* PBXContainerItemProxy */ = {
			isa = PBXContainerItemProxy;
			containerPortal = 17D1C6AF1C8C758C007E7956 /* GPUImage.xcodeproj */;
			proxyType = 2;
			remoteGlobalIDString = BCF1A33414DDB1EC00852800;
			remoteInfo = GPUImage;
		};
		17D1C6B71C8C758C007E7956 /* PBXContainerItemProxy */ = {
			isa = PBXContainerItemProxy;
			containerPortal = 17D1C6AF1C8C758C007E7956 /* GPUImage.xcodeproj */;
			proxyType = 2;
			remoteGlobalIDString = BCE209E51943F20C002FEED8;
			remoteInfo = GPUImageFramework;
		};
/* End PBXContainerItemProxy section */

/* Begin PBXFileReference section */
		0D69488D1501F71900206FF8 /* SampleConfiguration.plist */ = {isa = PBXFileReference; fileEncoding = 4; lastKnownFileType = text.plist.xml; path = SampleConfiguration.plist; sourceTree = "<group>"; };
		171C34E01C96701A00799CCA /* FSImportPhotoViewController.h */ = {isa = PBXFileReference; fileEncoding = 4; lastKnownFileType = sourcecode.c.h; path = FSImportPhotoViewController.h; sourceTree = "<group>"; };
		171C34E11C96701A00799CCA /* FSImportPhotoViewController.m */ = {isa = PBXFileReference; fileEncoding = 4; lastKnownFileType = sourcecode.c.objc; path = FSImportPhotoViewController.m; sourceTree = "<group>"; };
		171C34E61C9675F800799CCA /* FSOutputTableViewController.h */ = {isa = PBXFileReference; fileEncoding = 4; lastKnownFileType = sourcecode.c.h; path = FSOutputTableViewController.h; sourceTree = "<group>"; };
		171C34E71C9675F800799CCA /* FSOutputTableViewController.m */ = {isa = PBXFileReference; fileEncoding = 4; lastKnownFileType = sourcecode.c.objc; path = FSOutputTableViewController.m; sourceTree = "<group>"; };
		17389A591CA946DF00AFF32C /* Images.xcassets */ = {isa = PBXFileReference; lastKnownFileType = folder.assetcatalog; path = Images.xcassets; sourceTree = "<group>"; };
		173944391CAA70E3002B5776 /* FSConsole.h */ = {isa = PBXFileReference; fileEncoding = 4; lastKnownFileType = sourcecode.c.h; path = FSConsole.h; sourceTree = "<group>"; };
		1739443A1CAA70E3002B5776 /* FSConsole.m */ = {isa = PBXFileReference; fileEncoding = 4; lastKnownFileType = sourcecode.c.objc; path = FSConsole.m; sourceTree = "<group>"; };
		1739443D1CAA8D05002B5776 /* FZLTHJW.TTF */ = {isa = PBXFileReference; lastKnownFileType = file; path = FZLTHJW.TTF; sourceTree = "<group>"; };
		1739443E1CAA8D05002B5776 /* fzltxh.ttf */ = {isa = PBXFileReference; lastKnownFileType = file; path = fzltxh.ttf; sourceTree = "<group>"; };
		173CCFE01CA2A0DF008E363A /* CHLine.h */ = {isa = PBXFileReference; fileEncoding = 4; lastKnownFileType = sourcecode.c.h; path = CHLine.h; sourceTree = "<group>"; };
		173CCFE11CA2A0DF008E363A /* CHLine.m */ = {isa = PBXFileReference; fileEncoding = 4; lastKnownFileType = sourcecode.c.objc; path = CHLine.m; sourceTree = "<group>"; };
		173EF3F11C9B2B9100EC5D33 /* FSSliderView.h */ = {isa = PBXFileReference; fileEncoding = 4; lastKnownFileType = sourcecode.c.h; path = FSSliderView.h; sourceTree = "<group>"; };
		173EF3F21C9B2B9100EC5D33 /* FSSliderView.m */ = {isa = PBXFileReference; fileEncoding = 4; lastKnownFileType = sourcecode.c.objc; path = FSSliderView.m; sourceTree = "<group>"; };
		174345031C896939006978D7 /* sample1.jpg */ = {isa = PBXFileReference; lastKnownFileType = image.jpeg; path = sample1.jpg; sourceTree = "<group>"; };
		174355231CABC7E80041EE71 /* FSParameterView.h */ = {isa = PBXFileReference; fileEncoding = 4; lastKnownFileType = sourcecode.c.h; path = FSParameterView.h; sourceTree = "<group>"; };
		174355241CABC7E80041EE71 /* FSParameterView.m */ = {isa = PBXFileReference; fileEncoding = 4; lastKnownFileType = sourcecode.c.objc; path = FSParameterView.m; sourceTree = "<group>"; };
		1748043A1C9908EE00F7552E /* FilterTypeDefination.h */ = {isa = PBXFileReference; fileEncoding = 4; lastKnownFileType = sourcecode.c.h; path = FilterTypeDefination.h; sourceTree = "<group>"; };
		174804401C99486D00F7552E /* NSDictionary+GetValue.h */ = {isa = PBXFileReference; fileEncoding = 4; lastKnownFileType = sourcecode.c.h; path = "NSDictionary+GetValue.h"; sourceTree = "<group>"; };
		174804411C99486D00F7552E /* NSDictionary+GetValue.m */ = {isa = PBXFileReference; fileEncoding = 4; lastKnownFileType = sourcecode.c.objc; path = "NSDictionary+GetValue.m"; sourceTree = "<group>"; };
		174EE0271CAAEB2600026A94 /* FSFilterSliderView.h */ = {isa = PBXFileReference; fileEncoding = 4; lastKnownFileType = sourcecode.c.h; path = FSFilterSliderView.h; sourceTree = "<group>"; };
		174EE0281CAAEB2600026A94 /* FSFilterSliderView.m */ = {isa = PBXFileReference; fileEncoding = 4; lastKnownFileType = sourcecode.c.objc; path = FSFilterSliderView.m; sourceTree = "<group>"; };
		178BC26F1CA3BEC000E33A76 /* UIViewController+NavbarItemCategory.h */ = {isa = PBXFileReference; fileEncoding = 4; lastKnownFileType = sourcecode.c.h; path = "UIViewController+NavbarItemCategory.h"; sourceTree = "<group>"; };
		178BC2701CA3BEC000E33A76 /* UIViewController+NavbarItemCategory.m */ = {isa = PBXFileReference; fileEncoding = 4; lastKnownFileType = sourcecode.c.objc; path = "UIViewController+NavbarItemCategory.m"; sourceTree = "<group>"; };
		178BC27A1CA3C25300E33A76 /* pdf.xcassets */ = {isa = PBXFileReference; lastKnownFileType = folder.assetcatalog; path = pdf.xcassets; sourceTree = "<group>"; };
		178BC2821CA3F0CD00E33A76 /* FSConfig.h */ = {isa = PBXFileReference; lastKnownFileType = sourcecode.c.h; path = FSConfig.h; sourceTree = "<group>"; };
		17D1C6AF1C8C758C007E7956 /* GPUImage.xcodeproj */ = {isa = PBXFileReference; lastKnownFileType = "wrapper.pb-project"; name = GPUImage.xcodeproj; path = framework/GPUImage.xcodeproj; sourceTree = "<group>"; };
		17D1C6BB1C8C78AE007E7956 /* WID-small.jpg */ = {isa = PBXFileReference; lastKnownFileType = image.jpeg; path = "WID-small.jpg"; sourceTree = "<group>"; };
		17D1C6BD1C8C78FB007E7956 /* lookup_soft_elegance_1.png */ = {isa = PBXFileReference; lastKnownFileType = image.png; path = lookup_soft_elegance_1.png; sourceTree = "<group>"; };
		17D1C6BE1C8C78FB007E7956 /* lookup_soft_elegance_2.png */ = {isa = PBXFileReference; lastKnownFileType = image.png; path = lookup_soft_elegance_2.png; sourceTree = "<group>"; };
		17D1C6C11C8C790C007E7956 /* lookup_amatorka.png */ = {isa = PBXFileReference; lastKnownFileType = image.png; path = lookup_amatorka.png; sourceTree = "<group>"; };
		17D1C6C21C8C790C007E7956 /* lookup_miss_etikate.png */ = {isa = PBXFileReference; lastKnownFileType = image.png; path = lookup_miss_etikate.png; sourceTree = "<group>"; };
		17D1C6C51C8C7963007E7956 /* Icon-72.png */ = {isa = PBXFileReference; lastKnownFileType = image.png; path = "Icon-72.png"; sourceTree = "<group>"; };
		17D1C6C61C8C7963007E7956 /* Icon-72@2x.png */ = {isa = PBXFileReference; lastKnownFileType = image.png; path = "Icon-72@2x.png"; sourceTree = "<group>"; };
		17D1C6C71C8C7963007E7956 /* Icon.png */ = {isa = PBXFileReference; lastKnownFileType = image.png; path = Icon.png; sourceTree = "<group>"; };
		17D1C6C81C8C7963007E7956 /* Icon@2x.png */ = {isa = PBXFileReference; lastKnownFileType = image.png; path = "Icon@2x.png"; sourceTree = "<group>"; };
		17D1C6C91C8C7963007E7956 /* iTunesArtwork.png */ = {isa = PBXFileReference; lastKnownFileType = image.png; path = iTunesArtwork.png; sourceTree = "<group>"; };
		6BF3ED5615B5C2BF002F9E9E /* CoreImage.framework */ = {isa = PBXFileReference; lastKnownFileType = wrapper.framework; name = CoreImage.framework; path = System/Library/Frameworks/CoreImage.framework; sourceTree = SDKROOT; };
		83AE9FD31540F3CC00F7FC13 /* mask.png */ = {isa = PBXFileReference; lastKnownFileType = image.png; path = mask.png; sourceTree = "<group>"; };
		BC982B0214F046AC0001FF6F /* filtershow.app */ = {isa = PBXFileReference; explicitFileType = wrapper.application; includeInIndex = 0; path = filtershow.app; sourceTree = BUILT_PRODUCTS_DIR; };
		BC982B0614F046AC0001FF6F /* UIKit.framework */ = {isa = PBXFileReference; lastKnownFileType = wrapper.framework; name = UIKit.framework; path = System/Library/Frameworks/UIKit.framework; sourceTree = SDKROOT; };
		BC982B0814F046AC0001FF6F /* Foundation.framework */ = {isa = PBXFileReference; lastKnownFileType = wrapper.framework; name = Foundation.framework; path = System/Library/Frameworks/Foundation.framework; sourceTree = SDKROOT; };
		BC982B0A14F046AC0001FF6F /* CoreGraphics.framework */ = {isa = PBXFileReference; lastKnownFileType = wrapper.framework; name = CoreGraphics.framework; path = System/Library/Frameworks/CoreGraphics.framework; sourceTree = SDKROOT; };
		BC982B0E14F046AC0001FF6F /* filtershow-Info.plist */ = {isa = PBXFileReference; lastKnownFileType = text.plist.xml; path = "filtershow-Info.plist"; sourceTree = "<group>"; };
		BC982B1014F046AC0001FF6F /* en */ = {isa = PBXFileReference; lastKnownFileType = text.plist.strings; name = en; path = en.lproj/InfoPlist.strings; sourceTree = "<group>"; };
		BC982B1214F046AC0001FF6F /* main.m */ = {isa = PBXFileReference; lastKnownFileType = sourcecode.c.objc; path = main.m; sourceTree = "<group>"; };
		BC982B1414F046AC0001FF6F /* filtershow-Prefix.pch */ = {isa = PBXFileReference; lastKnownFileType = sourcecode.c.h; path = "filtershow-Prefix.pch"; sourceTree = "<group>"; };
		BC982B1514F046AC0001FF6F /* FSShowcaseAppDelegate.h */ = {isa = PBXFileReference; lastKnownFileType = sourcecode.c.h; path = FSShowcaseAppDelegate.h; sourceTree = "<group>"; };
		BC982B1614F046AC0001FF6F /* FSShowcaseAppDelegate.m */ = {isa = PBXFileReference; lastKnownFileType = sourcecode.c.objc; path = FSShowcaseAppDelegate.m; sourceTree = "<group>"; };
		BC982B1D14F048160001FF6F /* CoreMedia.framework */ = {isa = PBXFileReference; lastKnownFileType = wrapper.framework; name = CoreMedia.framework; path = System/Library/Frameworks/CoreMedia.framework; sourceTree = SDKROOT; };
		BC982B1E14F048160001FF6F /* CoreVideo.framework */ = {isa = PBXFileReference; lastKnownFileType = wrapper.framework; name = CoreVideo.framework; path = System/Library/Frameworks/CoreVideo.framework; sourceTree = SDKROOT; };
		BC982B1F14F048160001FF6F /* QuartzCore.framework */ = {isa = PBXFileReference; lastKnownFileType = wrapper.framework; name = QuartzCore.framework; path = System/Library/Frameworks/QuartzCore.framework; sourceTree = SDKROOT; };
		BC982B2314F0481C0001FF6F /* AVFoundation.framework */ = {isa = PBXFileReference; lastKnownFileType = wrapper.framework; name = AVFoundation.framework; path = System/Library/Frameworks/AVFoundation.framework; sourceTree = SDKROOT; };
		BC982B2514F048230001FF6F /* OpenGLES.framework */ = {isa = PBXFileReference; lastKnownFileType = wrapper.framework; name = OpenGLES.framework; path = System/Library/Frameworks/OpenGLES.framework; sourceTree = SDKROOT; };
		BC982B3314F04B3A0001FF6F /* FSShowcaseFilterViewController.h */ = {isa = PBXFileReference; fileEncoding = 4; lastKnownFileType = sourcecode.c.h; path = FSShowcaseFilterViewController.h; sourceTree = "<group>"; };
		BC982B3414F04B3A0001FF6F /* FSShowcaseFilterViewController.m */ = {isa = PBXFileReference; fileEncoding = 4; lastKnownFileType = sourcecode.c.objc; path = FSShowcaseFilterViewController.m; sourceTree = "<group>"; };
		BC982C4014F1F6C80001FF6F /* CustomFilter.fsh */ = {isa = PBXFileReference; fileEncoding = 4; lastKnownFileType = sourcecode.glsl; path = CustomFilter.fsh; sourceTree = "<group>"; };
		E5530A35180FD1D500597F98 /* Default-568h@2x.png */ = {isa = PBXFileReference; lastKnownFileType = image.png; path = "Default-568h@2x.png"; sourceTree = "<group>"; };
		F2F3361D156585C400B0FBB8 /* voroni_points2.png */ = {isa = PBXFileReference; lastKnownFileType = image.png; path = voroni_points2.png; sourceTree = "<group>"; };
		F2F336261565906000B0FBB8 /* dotletterstiles.png */ = {isa = PBXFileReference; lastKnownFileType = image.png; path = dotletterstiles.png; sourceTree = "<group>"; };
		F2F33628156591CA00B0FBB8 /* curvies.png */ = {isa = PBXFileReference; lastKnownFileType = image.png; path = curvies.png; sourceTree = "<group>"; };
		F2F3362A156591DB00B0FBB8 /* squares.png */ = {isa = PBXFileReference; lastKnownFileType = image.png; path = squares.png; sourceTree = "<group>"; };
/* End PBXFileReference section */

/* Begin PBXFrameworksBuildPhase section */
		BC982AFF14F046AC0001FF6F /* Frameworks */ = {
			isa = PBXFrameworksBuildPhase;
			buildActionMask = 2147483647;
			files = (
				17D1C6BA1C8C7823007E7956 /* libGPUImage.a in Frameworks */,
				6BF3ED5715B5C2BF002F9E9E /* CoreImage.framework in Frameworks */,
				BC982B2614F048230001FF6F /* OpenGLES.framework in Frameworks */,
				BC982B2414F0481C0001FF6F /* AVFoundation.framework in Frameworks */,
				BC982B2014F048160001FF6F /* CoreMedia.framework in Frameworks */,
				BC982B2114F048160001FF6F /* CoreVideo.framework in Frameworks */,
				BC982B2214F048160001FF6F /* QuartzCore.framework in Frameworks */,
				BC982B0714F046AC0001FF6F /* UIKit.framework in Frameworks */,
				BC982B0914F046AC0001FF6F /* Foundation.framework in Frameworks */,
				BC982B0B14F046AC0001FF6F /* CoreGraphics.framework in Frameworks */,
			);
			runOnlyForDeploymentPostprocessing = 0;
		};
/* End PBXFrameworksBuildPhase section */

/* Begin PBXGroup section */
		1739443C1CAA8CF8002B5776 /* font */ = {
			isa = PBXGroup;
			children = (
				1739443D1CAA8D05002B5776 /* FZLTHJW.TTF */,
				1739443E1CAA8D05002B5776 /* fzltxh.ttf */,
			);
			name = font;
			sourceTree = "<group>";
		};
		173CCFDC1CA2A0D2008E363A /* line */ = {
			isa = PBXGroup;
			children = (
				173CCFE01CA2A0DF008E363A /* CHLine.h */,
				173CCFE11CA2A0DF008E363A /* CHLine.m */,
			);
			name = line;
			sourceTree = "<group>";
		};
		1748043F1C99485B00F7552E /* category */ = {
			isa = PBXGroup;
			children = (
				174804401C99486D00F7552E /* NSDictionary+GetValue.h */,
				174804411C99486D00F7552E /* NSDictionary+GetValue.m */,
				178BC26F1CA3BEC000E33A76 /* UIViewController+NavbarItemCategory.h */,
				178BC2701CA3BEC000E33A76 /* UIViewController+NavbarItemCategory.m */,
			);
			name = category;
			sourceTree = "<group>";
		};
		178BC2811CA3F0A400E33A76 /* control */ = {
			isa = PBXGroup;
			children = (
				178BC2821CA3F0CD00E33A76 /* FSConfig.h */,
				173944391CAA70E3002B5776 /* FSConsole.h */,
				1739443A1CAA70E3002B5776 /* FSConsole.m */,
			);
			name = control;
			sourceTree = "<group>";
		};
		17D1C6B01C8C758C007E7956 /* Products */ = {
			isa = PBXGroup;
			children = (
				17D1C6B61C8C758C007E7956 /* libGPUImage.a */,
				17D1C6B81C8C758C007E7956 /* GPUImage.framework */,
			);
			name = Products;
			sourceTree = "<group>";
		};
		BC982AF714F046AC0001FF6F = {
			isa = PBXGroup;
			children = (
				E5530A35180FD1D500597F98 /* Default-568h@2x.png */,
				BC982B0C14F046AC0001FF6F /* filtershow */,
				BC982B0514F046AC0001FF6F /* Frameworks */,
				BC982B0314F046AC0001FF6F /* Products */,
			);
			sourceTree = "<group>";
		};
		BC982B0314F046AC0001FF6F /* Products */ = {
			isa = PBXGroup;
			children = (
				BC982B0214F046AC0001FF6F /* filtershow.app */,
			);
			name = Products;
			sourceTree = "<group>";
		};
		BC982B0514F046AC0001FF6F /* Frameworks */ = {
			isa = PBXGroup;
			children = (
				17D1C6AF1C8C758C007E7956 /* GPUImage.xcodeproj */,
				6BF3ED5615B5C2BF002F9E9E /* CoreImage.framework */,
				BC982B2514F048230001FF6F /* OpenGLES.framework */,
				BC982B2314F0481C0001FF6F /* AVFoundation.framework */,
				BC982B1D14F048160001FF6F /* CoreMedia.framework */,
				BC982B1E14F048160001FF6F /* CoreVideo.framework */,
				BC982B1F14F048160001FF6F /* QuartzCore.framework */,
				BC982B0614F046AC0001FF6F /* UIKit.framework */,
				BC982B0814F046AC0001FF6F /* Foundation.framework */,
				BC982B0A14F046AC0001FF6F /* CoreGraphics.framework */,
			);
			name = Frameworks;
			sourceTree = "<group>";
		};
		BC982B0C14F046AC0001FF6F /* filtershow */ = {
			isa = PBXGroup;
			children = (
				1739443C1CAA8CF8002B5776 /* font */,
				178BC2811CA3F0A400E33A76 /* control */,
				173CCFDC1CA2A0D2008E363A /* line */,
				1748043F1C99485B00F7552E /* category */,
				BC982B1514F046AC0001FF6F /* FSShowcaseAppDelegate.h */,
				BC982B1614F046AC0001FF6F /* FSShowcaseAppDelegate.m */,
				171C34E01C96701A00799CCA /* FSImportPhotoViewController.h */,
				171C34E11C96701A00799CCA /* FSImportPhotoViewController.m */,
				BC982B3314F04B3A0001FF6F /* FSShowcaseFilterViewController.h */,
				BC982B3414F04B3A0001FF6F /* FSShowcaseFilterViewController.m */,
				173EF3F11C9B2B9100EC5D33 /* FSSliderView.h */,
				173EF3F21C9B2B9100EC5D33 /* FSSliderView.m */,
				171C34E61C9675F800799CCA /* FSOutputTableViewController.h */,
				171C34E71C9675F800799CCA /* FSOutputTableViewController.m */,
				174EE0271CAAEB2600026A94 /* FSFilterSliderView.h */,
				174EE0281CAAEB2600026A94 /* FSFilterSliderView.m */,
				174355231CABC7E80041EE71 /* FSParameterView.h */,
				174355241CABC7E80041EE71 /* FSParameterView.m */,
				1748043A1C9908EE00F7552E /* FilterTypeDefination.h */,
				BC982C4014F1F6C80001FF6F /* CustomFilter.fsh */,
				BC982B0D14F046AC0001FF6F /* Supporting Files */,
			);
			name = filtershow;
			path = FilterShowcase;
			sourceTree = "<group>";
		};
		BC982B0D14F046AC0001FF6F /* Supporting Files */ = {
			isa = PBXGroup;
			children = (
				F2F3362A156591DB00B0FBB8 /* squares.png */,
				F2F33628156591CA00B0FBB8 /* curvies.png */,
				F2F336261565906000B0FBB8 /* dotletterstiles.png */,
				17D1C6BD1C8C78FB007E7956 /* lookup_soft_elegance_1.png */,
				17D1C6C51C8C7963007E7956 /* Icon-72.png */,
				17D1C6C61C8C7963007E7956 /* Icon-72@2x.png */,
				17D1C6C71C8C7963007E7956 /* Icon.png */,
				17D1C6C81C8C7963007E7956 /* Icon@2x.png */,
				17D1C6C91C8C7963007E7956 /* iTunesArtwork.png */,
				17D1C6C11C8C790C007E7956 /* lookup_amatorka.png */,
				17D1C6C21C8C790C007E7956 /* lookup_miss_etikate.png */,
				17D1C6BE1C8C78FB007E7956 /* lookup_soft_elegance_2.png */,
				17D1C6BB1C8C78AE007E7956 /* WID-small.jpg */,
				F2F3361D156585C400B0FBB8 /* voroni_points2.png */,
				174345031C896939006978D7 /* sample1.jpg */,
				83AE9FD31540F3CC00F7FC13 /* mask.png */,
				BC982B0E14F046AC0001FF6F /* filtershow-Info.plist */,
				BC982B0F14F046AC0001FF6F /* InfoPlist.strings */,
				BC982B1214F046AC0001FF6F /* main.m */,
				BC982B1414F046AC0001FF6F /* filtershow-Prefix.pch */,
				0D69488D1501F71900206FF8 /* SampleConfiguration.plist */,
				178BC27A1CA3C25300E33A76 /* pdf.xcassets */,
				17389A591CA946DF00AFF32C /* Images.xcassets */,
			);
			name = "Supporting Files";
			sourceTree = "<group>";
		};
/* End PBXGroup section */

/* Begin PBXNativeTarget section */
		BC982B0114F046AC0001FF6F /* filtershow */ = {
			isa = PBXNativeTarget;
			buildConfigurationList = BC982B1A14F046AC0001FF6F /* Build configuration list for PBXNativeTarget "filtershow" */;
			buildPhases = (
				BC982AFE14F046AC0001FF6F /* Sources */,
				BC982AFF14F046AC0001FF6F /* Frameworks */,
				BC982B0014F046AC0001FF6F /* Resources */,
			);
			buildRules = (
			);
			dependencies = (
			);
			name = filtershow;
			productName = FilterShowcase;
			productReference = BC982B0214F046AC0001FF6F /* filtershow.app */;
			productType = "com.apple.product-type.application";
		};
/* End PBXNativeTarget section */

/* Begin PBXProject section */
		BC982AF914F046AC0001FF6F /* Project object */ = {
			isa = PBXProject;
			attributes = {
				CLASSPREFIX = Showcase;
				LastUpgradeCheck = 0720;
				ORGANIZATIONNAME = "Cell Phone";
				TargetAttributes = {
					BC982B0114F046AC0001FF6F = {
						DevelopmentTeam = 3MUE3RMQ6G;
					};
				};
			};
			buildConfigurationList = BC982AFC14F046AC0001FF6F /* Build configuration list for PBXProject "filtershow" */;
			compatibilityVersion = "Xcode 3.2";
			developmentRegion = English;
			hasScannedForEncodings = 0;
			knownRegions = (
				en,
			);
			mainGroup = BC982AF714F046AC0001FF6F;
			productRefGroup = BC982B0314F046AC0001FF6F /* Products */;
			projectDirPath = "";
			projectReferences = (
				{
					ProductGroup = 17D1C6B01C8C758C007E7956 /* Products */;
					ProjectRef = 17D1C6AF1C8C758C007E7956 /* GPUImage.xcodeproj */;
				},
			);
			projectRoot = "";
			targets = (
				BC982B0114F046AC0001FF6F /* filtershow */,
			);
		};
/* End PBXProject section */

/* Begin PBXReferenceProxy section */
		17D1C6B61C8C758C007E7956 /* libGPUImage.a */ = {
			isa = PBXReferenceProxy;
			fileType = archive.ar;
			path = libGPUImage.a;
			remoteRef = 17D1C6B51C8C758C007E7956 /* PBXContainerItemProxy */;
			sourceTree = BUILT_PRODUCTS_DIR;
		};
		17D1C6B81C8C758C007E7956 /* GPUImage.framework */ = {
			isa = PBXReferenceProxy;
			fileType = wrapper.framework;
			path = GPUImage.framework;
			remoteRef = 17D1C6B71C8C758C007E7956 /* PBXContainerItemProxy */;
			sourceTree = BUILT_PRODUCTS_DIR;
		};
/* End PBXReferenceProxy section */

/* Begin PBXResourcesBuildPhase section */
		BC982B0014F046AC0001FF6F /* Resources */ = {
			isa = PBXResourcesBuildPhase;
			buildActionMask = 2147483647;
			files = (
				BC982C4114F1F6C80001FF6F /* CustomFilter.fsh in Resources */,
				178BC27B1CA3C25300E33A76 /* pdf.xcassets in Resources */,
				BC982B1114F046AC0001FF6F /* InfoPlist.strings in Resources */,
				17D1C6CB1C8C7963007E7956 /* Icon-72@2x.png in Resources */,
				17D1C6CE1C8C7963007E7956 /* iTunesArtwork.png in Resources */,
				0D69488E1501F71900206FF8 /* SampleConfiguration.plist in Resources */,
				83AE9FD41540F3CC00F7FC13 /* mask.png in Resources */,
				F2F3361E156585C400B0FBB8 /* voroni_points2.png in Resources */,
				F2F336271565906000B0FBB8 /* dotletterstiles.png in Resources */,
				F2F33629156591CA00B0FBB8 /* curvies.png in Resources */,
				17D1C6CD1C8C7963007E7956 /* Icon@2x.png in Resources */,
				F2F3362B156591DB00B0FBB8 /* squares.png in Resources */,
				17D1C6CC1C8C7963007E7956 /* Icon.png in Resources */,
				E5530A36180FD1D500597F98 /* Default-568h@2x.png in Resources */,
				174345041C896939006978D7 /* sample1.jpg in Resources */,
				17389A5A1CA946DF00AFF32C /* Images.xcassets in Resources */,
				17D1C6BC1C8C78AE007E7956 /* WID-small.jpg in Resources */,
				17D1C6C31C8C790C007E7956 /* lookup_amatorka.png in Resources */,
				17D1C6C01C8C78FB007E7956 /* lookup_soft_elegance_2.png in Resources */,
				17D1C6CA1C8C7963007E7956 /* Icon-72.png in Resources */,
				17D1C6BF1C8C78FB007E7956 /* lookup_soft_elegance_1.png in Resources */,
				17D1C6C41C8C790C007E7956 /* lookup_miss_etikate.png in Resources */,
			);
			runOnlyForDeploymentPostprocessing = 0;
		};
/* End PBXResourcesBuildPhase section */

/* Begin PBXSourcesBuildPhase section */
		BC982AFE14F046AC0001FF6F /* Sources */ = {
			isa = PBXSourcesBuildPhase;
			buildActionMask = 2147483647;
			files = (
				BC982B1314F046AC0001FF6F /* main.m in Sources */,
				174355251CABC7E80041EE71 /* FSParameterView.m in Sources */,
				174804421C99486D00F7552E /* NSDictionary+GetValue.m in Sources */,
				174EE0291CAAEB2600026A94 /* FSFilterSliderView.m in Sources */,
				1739443B1CAA70E3002B5776 /* FSConsole.m in Sources */,
				BC982B1714F046AC0001FF6F /* FSShowcaseAppDelegate.m in Sources */,
				173EF3F31C9B2B9100EC5D33 /* FSSliderView.m in Sources */,
				178BC2711CA3BEC000E33A76 /* UIViewController+NavbarItemCategory.m in Sources */,
				BC982B3614F04B3A0001FF6F /* FSShowcaseFilterViewController.m in Sources */,
				171C34E81C9675F800799CCA /* FSOutputTableViewController.m in Sources */,
				173CCFE21CA2A0DF008E363A /* CHLine.m in Sources */,
				171C34E21C96701A00799CCA /* FSImportPhotoViewController.m in Sources */,
			);
			runOnlyForDeploymentPostprocessing = 0;
		};
/* End PBXSourcesBuildPhase section */

/* Begin PBXVariantGroup section */
		BC982B0F14F046AC0001FF6F /* InfoPlist.strings */ = {
			isa = PBXVariantGroup;
			children = (
				BC982B1014F046AC0001FF6F /* en */,
			);
			name = InfoPlist.strings;
			sourceTree = "<group>";
		};
/* End PBXVariantGroup section */

/* Begin XCBuildConfiguration section */
		BC982B1814F046AC0001FF6F /* Debug */ = {
			isa = XCBuildConfiguration;
			buildSettings = {
				ALWAYS_SEARCH_USER_PATHS = NO;
				CLANG_ENABLE_OBJC_ARC = YES;
				CLANG_WARN_BOOL_CONVERSION = YES;
				CLANG_WARN_CONSTANT_CONVERSION = YES;
				CLANG_WARN_EMPTY_BODY = YES;
				CLANG_WARN_ENUM_CONVERSION = YES;
				CLANG_WARN_INT_CONVERSION = YES;
				CLANG_WARN_UNREACHABLE_CODE = YES;
				CLANG_WARN__DUPLICATE_METHOD_MATCH = YES;
				"CODE_SIGN_IDENTITY[sdk=iphoneos*]" = "iPhone Developer";
				COPY_PHASE_STRIP = NO;
				ENABLE_BITCODE = NO;
				ENABLE_STRICT_OBJC_MSGSEND = YES;
				ENABLE_TESTABILITY = YES;
				GCC_C_LANGUAGE_STANDARD = gnu99;
				GCC_DYNAMIC_NO_PIC = NO;
				GCC_NO_COMMON_BLOCKS = YES;
				GCC_OPTIMIZATION_LEVEL = 0;
				GCC_PREFIX_HEADER = "filtershow/filtershow-Prefix.pch";
				GCC_PREPROCESSOR_DEFINITIONS = (
					"DEBUG=1",
					"$(inherited)",
				);
				GCC_SYMBOLS_PRIVATE_EXTERN = NO;
				GCC_VERSION = com.apple.compilers.llvm.clang.1_0;
				GCC_WARN_64_TO_32_BIT_CONVERSION = YES;
				GCC_WARN_ABOUT_RETURN_TYPE = YES;
				GCC_WARN_UNDECLARED_SELECTOR = YES;
				GCC_WARN_UNINITIALIZED_AUTOS = YES;
				GCC_WARN_UNUSED_FUNCTION = YES;
				GCC_WARN_UNUSED_VARIABLE = YES;
				HEADER_SEARCH_PATHS = (
					../../../framework/Source,
					../../../framework/Source/iOS,
				);
				IPHONEOS_DEPLOYMENT_TARGET = 7.0;
				ONLY_ACTIVE_ARCH = YES;
				OTHER_LDFLAGS = "-ObjC";
				SDKROOT = iphoneos;
				TARGETED_DEVICE_FAMILY = "1,2";
			};
			name = Debug;
		};
		BC982B1914F046AC0001FF6F /* Release */ = {
			isa = XCBuildConfiguration;
			buildSettings = {
				ALWAYS_SEARCH_USER_PATHS = NO;
				CLANG_ENABLE_OBJC_ARC = YES;
				CLANG_WARN_BOOL_CONVERSION = YES;
				CLANG_WARN_CONSTANT_CONVERSION = YES;
				CLANG_WARN_EMPTY_BODY = YES;
				CLANG_WARN_ENUM_CONVERSION = YES;
				CLANG_WARN_INT_CONVERSION = YES;
				CLANG_WARN_UNREACHABLE_CODE = YES;
				CLANG_WARN__DUPLICATE_METHOD_MATCH = YES;
				"CODE_SIGN_IDENTITY[sdk=iphoneos*]" = "iPhone Developer";
				COPY_PHASE_STRIP = YES;
				ENABLE_BITCODE = NO;
				ENABLE_STRICT_OBJC_MSGSEND = YES;
				GCC_C_LANGUAGE_STANDARD = gnu99;
				GCC_NO_COMMON_BLOCKS = YES;
				GCC_PREFIX_HEADER = "filtershow/filtershow-Prefix.pch";
				GCC_VERSION = com.apple.compilers.llvm.clang.1_0;
				GCC_WARN_64_TO_32_BIT_CONVERSION = YES;
				GCC_WARN_ABOUT_RETURN_TYPE = YES;
				GCC_WARN_UNDECLARED_SELECTOR = YES;
				GCC_WARN_UNINITIALIZED_AUTOS = YES;
				GCC_WARN_UNUSED_FUNCTION = YES;
				GCC_WARN_UNUSED_VARIABLE = YES;
				HEADER_SEARCH_PATHS = (
					../../../framework/Source,
					../../../framework/Source/iOS,
				);
				IPHONEOS_DEPLOYMENT_TARGET = 7.0;
				OTHER_CFLAGS = "-DNS_BLOCK_ASSERTIONS=1";
				OTHER_LDFLAGS = "-ObjC";
				SDKROOT = iphoneos;
				TARGETED_DEVICE_FAMILY = "1,2";
				VALIDATE_PRODUCT = YES;
			};
			name = Release;
		};
		BC982B1B14F046AC0001FF6F /* Debug */ = {
			isa = XCBuildConfiguration;
			buildSettings = {
				ASSETCATALOG_COMPILER_APPICON_NAME = "AppIcon-2";
				ASSETCATALOG_COMPILER_LAUNCHIMAGE_NAME = LaunchImage;
				CODE_SIGN_IDENTITY = "iPhone Developer";
				"CODE_SIGN_IDENTITY[sdk=iphoneos*]" = "iPhone Developer";
				GCC_PRECOMPILE_PREFIX_HEADER = YES;
				GCC_PREFIX_HEADER = "FilterShowcase/filtershow-Prefix.pch";
				HEADER_SEARCH_PATHS = (
					framework/Source,
					framework/Source/iOS,
				);
				INFOPLIST_FILE = "FilterShowcase/filtershow-Info.plist";
				PRODUCT_BUNDLE_IDENTIFIER = "com.sunsetlakesoftware.${PRODUCT_NAME:rfc1034identifier}";
				PRODUCT_NAME = filtershow;
				PROVISIONING_PROFILE = "";
				WRAPPER_EXTENSION = app;
			};
			name = Debug;
		};
		BC982B1C14F046AC0001FF6F /* Release */ = {
			isa = XCBuildConfiguration;
			buildSettings = {
				ASSETCATALOG_COMPILER_APPICON_NAME = "AppIcon-2";
				ASSETCATALOG_COMPILER_LAUNCHIMAGE_NAME = LaunchImage;
				CODE_SIGN_IDENTITY = "iPhone Developer";
				"CODE_SIGN_IDENTITY[sdk=iphoneos*]" = "iPhone Developer";
				GCC_PRECOMPILE_PREFIX_HEADER = YES;
				GCC_PREFIX_HEADER = "FilterShowcase/filtershow-Prefix.pch";
				HEADER_SEARCH_PATHS = (
					framework/Source,
					framework/Source/iOS,
				);
				INFOPLIST_FILE = "FilterShowcase/filtershow-Info.plist";
				PRODUCT_BUNDLE_IDENTIFIER = "com.sunsetlakesoftware.${PRODUCT_NAME:rfc1034identifier}";
				PRODUCT_NAME = filtershow;
				PROVISIONING_PROFILE = "";
				WRAPPER_EXTENSION = app;
			};
			name = Release;
		};
/* End XCBuildConfiguration section */

/* Begin XCConfigurationList section */
		BC982AFC14F046AC0001FF6F /* Build configuration list for PBXProject "filtershow" */ = {
			isa = XCConfigurationList;
			buildConfigurations = (
				BC982B1814F046AC0001FF6F /* Debug */,
				BC982B1914F046AC0001FF6F /* Release */,
			);
			defaultConfigurationIsVisible = 0;
			defaultConfigurationName = Release;
		};
		BC982B1A14F046AC0001FF6F /* Build configuration list for PBXNativeTarget "filtershow" */ = {
			isa = XCConfigurationList;
			buildConfigurations = (
				BC982B1B14F046AC0001FF6F /* Debug */,
				BC982B1C14F046AC0001FF6F /* Release */,
			);
			defaultConfigurationIsVisible = 0;
			defaultConfigurationName = Release;
		};
/* End XCConfigurationList section */
	};
	rootObject = BC982AF914F046AC0001FF6F /* Project object */;
}
